
Microsoft Visual Studio Solution File, Format Version 12.00
# Visual Studio 15
VisualStudioVersion = 15.0.25914.0
MinimumVisualStudioVersion = 10.0.40219.1
Project("{FAE04EC0-301F-11D3-BF4B-00C04F79EFBC}") = "Task1.Logic.Matrix", "Task1.Logic.Matrix\Task1.Logic.Matrix.csproj", "{5C231007-0D0F-4AC8-841A-1473259ED1C5}"
EndProject
Project("{FAE04EC0-301F-11D3-BF4B-00C04F79EFBC}") = "Task1.Logic.Matrix.Tests", "Task1.Logic.Matrix.Tests\Task1.Logic.Matrix.Tests.csproj", "{9AF9191B-8491-484C-BA86-0C6E600C2493}"
EndProject
Project("{FAE04EC0-301F-11D3-BF4B-00C04F79EFBC}") = "Task2.Logic.BinarySearchTree", "Task2.Logic.BinarySearchTree\Task2.Logic.BinarySearchTree.csproj", "{F48BCB96-7B5B-43FC-9D2C-10BCD6364309}"
EndProject
Project("{FAE04EC0-301F-11D3-BF4B-00C04F79EFBC}") = "Task2.Logic.BinarySearchTreeTests", "Task2.Logic.BinarySearchTreeTests\Task2.Logic.BinarySearchTreeTests.csproj", "{652E8204-2F82-4E50-AD76-5220355308E5}"
EndProject
Global
	GlobalSection(SolutionConfigurationPlatforms) = preSolution
		Debug|Any CPU = Debug|Any CPU
		Release|Any CPU = Release|Any CPU
	EndGlobalSection
	GlobalSection(ProjectConfigurationPlatforms) = postSolution
		{5C231007-0D0F-4AC8-841A-1473259ED1C5}.Debug|Any CPU.ActiveCfg = Debug|Any CPU
		{5C231007-0D0F-4AC8-841A-1473259ED1C5}.Debug|Any CPU.Build.0 = Debug|Any CPU
		{5C231007-0D0F-4AC8-841A-1473259ED1C5}.Release|Any CPU.ActiveCfg = Release|Any CPU
		{5C231007-0D0F-4AC8-841A-1473259ED1C5}.Release|Any CPU.Build.0 = Release|Any CPU
		{9AF9191B-8491-484C-BA86-0C6E600C2493}.Debug|Any CPU.ActiveCfg = Debug|Any CPU
		{9AF9191B-8491-484C-BA86-0C6E600C2493}.Debug|Any CPU.Build.0 = Debug|Any CPU
		{9AF9191B-8491-484C-BA86-0C6E600C2493}.Release|Any CPU.ActiveCfg = Release|Any CPU
		{9AF9191B-8491-484C-BA86-0C6E600C2493}.Release|Any CPU.Build.0 = Release|Any CPU
		{F48BCB96-7B5B-43FC-9D2C-10BCD6364309}.Debug|Any CPU.ActiveCfg = Debug|Any CPU
		{F48BCB96-7B5B-43FC-9D2C-10BCD6364309}.Debug|Any CPU.Build.0 = Debug|Any CPU
		{F48BCB96-7B5B-43FC-9D2C-10BCD6364309}.Release|Any CPU.ActiveCfg = Release|Any CPU
		{F48BCB96-7B5B-43FC-9D2C-10BCD6364309}.Release|Any CPU.Build.0 = Release|Any CPU
		{652E8204-2F82-4E50-AD76-5220355308E5}.Debug|Any CPU.ActiveCfg = Debug|Any CPU
		{652E8204-2F82-4E50-AD76-5220355308E5}.Debug|Any CPU.Build.0 = Debug|Any CPU
		{652E8204-2F82-4E50-AD76-5220355308E5}.Release|Any CPU.ActiveCfg = Release|Any CPU
		{652E8204-2F82-4E50-AD76-5220355308E5}.Release|Any CPU.Build.0 = Release|Any CPU
	EndGlobalSection
	GlobalSection(SolutionProperties) = preSolution
		HideSolutionNode = FALSE
	EndGlobalSection
EndGlobal
